
Microsoft Visual Studio Solution File, Format Version 12.00
# Visual Studio Version 17
VisualStudioVersion = 17.6.33815.320
MinimumVisualStudioVersion = 10.0.40219.1
Project("{FAE04EC0-301F-11D3-BF4B-00C04F79EFBC}") = "AudioTagsChanger", "AudioTagsChanger.csproj", "{6EEB9434-EBCA-49DD-B53E-8451B3F80ED4}"
EndProject
Global
	GlobalSection(SolutionConfigurationPlatforms) = preSolution
		Debug|Any CPU = Debug|Any CPU
		Release|Any CPU = Release|Any CPU
	EndGlobalSection
	GlobalSection(ProjectConfigurationPlatforms) = postSolution
		{6EEB9434-EBCA-49DD-B53E-8451B3F80ED4}.Debug|Any CPU.ActiveCfg = Debug|Any CPU
		{6EEB9434-EBCA-49DD-B53E-8451B3F80ED4}.Debug|Any CPU.Build.0 = Debug|Any CPU
		{6EEB9434-EBCA-49DD-B53E-8451B3F80ED4}.Release|Any CPU.ActiveCfg = Release|Any CPU
		{6EEB9434-EBCA-49DD-B53E-8451B3F80ED4}.Release|Any CPU.Build.0 = Release|Any CPU
	EndGlobalSection
	GlobalSection(SolutionProperties) = preSolution
		HideSolutionNode = FALSE
	EndGlobalSection
	GlobalSection(ExtensibilityGlobals) = postSolution
		SolutionGuid = {E341C242-2FB3-4E82-A065-B6A542C1EA92}
	EndGlobalSection
EndGlobal
